
Microsoft Visual Studio Solution File, Format Version 12.00
# Visual Studio Version 16
VisualStudioVersion = 16.0.30114.105
MinimumVisualStudioVersion = 10.0.40219.1
Project("{FAE04EC0-301F-11D3-BF4B-00C04F79EFBC}") = "RWFileSupporter", "RWFileSupporter.csproj", "{FAD034CA-81E2-47AB-81C6-BAA868E1F185}"
EndProject
Global
	GlobalSection(SolutionConfigurationPlatforms) = preSolution
		Debug|Any CPU = Debug|Any CPU
		Release|Any CPU = Release|Any CPU
	EndGlobalSection
	GlobalSection(ProjectConfigurationPlatforms) = postSolution
		{FAD034CA-81E2-47AB-81C6-BAA868E1F185}.Debug|Any CPU.ActiveCfg = Debug|Any CPU
		{FAD034CA-81E2-47AB-81C6-BAA868E1F185}.Debug|Any CPU.Build.0 = Debug|Any CPU
		{FAD034CA-81E2-47AB-81C6-BAA868E1F185}.Release|Any CPU.ActiveCfg = Release|Any CPU
		{FAD034CA-81E2-47AB-81C6-BAA868E1F185}.Release|Any CPU.Build.0 = Release|Any CPU
	EndGlobalSection
	GlobalSection(SolutionProperties) = preSolution
		HideSolutionNode = FALSE
	EndGlobalSection
	GlobalSection(ExtensibilityGlobals) = postSolution
		SolutionGuid = {AFC608E2-A594-41D8-BAD5-C24FD5573450}
	EndGlobalSection
EndGlobal
